<?xml version="1.0" encoding="utf-8"?>
<Project ToolsVersion="4.0" xmlns="http://schemas.microsoft.com/developer/msbuild/2003">
  <ItemGroup>
    <ClCompile Include="KernelBhop.cpp" />
    <ClCompile Include="Config.cpp" />
  </ItemGroup>
  <ItemGroup>
    <ClInclude Include="KeInterface.h" />
    <ClInclude Include="Offsets.h" />
    <ClInclude Include="Config.h" />
    <ClInclude Include="httpreq.h" />
  </ItemGroup>
</Project>